
Microsoft Visual Studio Solution File, Format Version 12.00
# Visual Studio Version 17
VisualStudioVersion = 17.11.35327.3
MinimumVisualStudioVersion = 10.0.40219.1
Project("{FAE04EC0-301F-11D3-BF4B-00C04F79EFBC}") = "RomDownloader", "RG35XX.RomDownloader\RomDownloader.csproj", "{5693222D-74E4-4DA5-BAC0-E8EC240675C6}"
EndProject
Project("{2150E333-8FDC-42A3-9474-1A3956D46DE8}") = "Libraries", "Libraries", "{F35B2DEE-3EC8-4BAA-BE43-287A7437E04C}"
EndProject
Project("{2150E333-8FDC-42A3-9474-1A3956D46DE8}") = "Linux", "Linux", "{7F04CCA0-E8E0-48B6-AB16-1048C4CD3669}"
EndProject
Project("{2150E333-8FDC-42A3-9474-1A3956D46DE8}") = "Windows", "Windows", "{5E28FAAC-AB23-4C27-984B-0563EE1F79F4}"
EndProject
Project("{9A19103F-16F7-4668-BE54-9A1E7A4F7556}") = "RG35XX.Windows", "D:\Git\RG35XX.NET\RG35XX.Windows\RG35XX.Windows.csproj", "{1CF4C335-3013-4E59-9881-F136AD5C1851}"
EndProject
Project("{9A19103F-16F7-4668-BE54-9A1E7A4F7556}") = "RG35XX.Windows.Forms", "D:\Git\RG35XX.NET\RG35XX.Windows.Forms\RG35XX.Windows.Forms.csproj", "{2B49C5B3-472D-437E-B15B-66A60F12D00F}"
EndProject
Project("{9A19103F-16F7-4668-BE54-9A1E7A4F7556}") = "RG35XX.Linux", "D:\Git\RG35XX.NET\RG35XX.Linux\RG35XX.Linux.csproj", "{094B3E81-3C25-48E9-A744-CECB97CEFD20}"
EndProject
Project("{9A19103F-16F7-4668-BE54-9A1E7A4F7556}") = "RG35XX.Core", "D:\Git\RG35XX.NET\RG35XX.Core\RG35XX.Core.csproj", "{0D9AAE0A-C83E-4300-AEA6-B747731EDC05}"
EndProject
Project("{9A19103F-16F7-4668-BE54-9A1E7A4F7556}") = "RG35XX.Libraries", "D:\Git\RG35XX.NET\RG35XX.Libraries\RG35XX.Libraries.csproj", "{D4151CC7-F510-4D28-8C2C-92062EDD1AC6}"
EndProject
Global
	GlobalSection(SolutionConfigurationPlatforms) = preSolution
		Debug|Any CPU = Debug|Any CPU
		Release|Any CPU = Release|Any CPU
	EndGlobalSection
	GlobalSection(ProjectConfigurationPlatforms) = postSolution
		{5693222D-74E4-4DA5-BAC0-E8EC240675C6}.Debug|Any CPU.ActiveCfg = Debug|Any CPU
		{5693222D-74E4-4DA5-BAC0-E8EC240675C6}.Debug|Any CPU.Build.0 = Debug|Any CPU
		{5693222D-74E4-4DA5-BAC0-E8EC240675C6}.Release|Any CPU.ActiveCfg = Release|Any CPU
		{5693222D-74E4-4DA5-BAC0-E8EC240675C6}.Release|Any CPU.Build.0 = Release|Any CPU
		{1CF4C335-3013-4E59-9881-F136AD5C1851}.Debug|Any CPU.ActiveCfg = Debug|Any CPU
		{1CF4C335-3013-4E59-9881-F136AD5C1851}.Debug|Any CPU.Build.0 = Debug|Any CPU
		{1CF4C335-3013-4E59-9881-F136AD5C1851}.Release|Any CPU.ActiveCfg = Release|Any CPU
		{1CF4C335-3013-4E59-9881-F136AD5C1851}.Release|Any CPU.Build.0 = Release|Any CPU
		{2B49C5B3-472D-437E-B15B-66A60F12D00F}.Debug|Any CPU.ActiveCfg = Debug|Any CPU
		{2B49C5B3-472D-437E-B15B-66A60F12D00F}.Debug|Any CPU.Build.0 = Debug|Any CPU
		{2B49C5B3-472D-437E-B15B-66A60F12D00F}.Release|Any CPU.ActiveCfg = Release|Any CPU
		{2B49C5B3-472D-437E-B15B-66A60F12D00F}.Release|Any CPU.Build.0 = Release|Any CPU
		{094B3E81-3C25-48E9-A744-CECB97CEFD20}.Debug|Any CPU.ActiveCfg = Debug|Any CPU
		{094B3E81-3C25-48E9-A744-CECB97CEFD20}.Debug|Any CPU.Build.0 = Debug|Any CPU
		{094B3E81-3C25-48E9-A744-CECB97CEFD20}.Release|Any CPU.ActiveCfg = Release|Any CPU
		{094B3E81-3C25-48E9-A744-CECB97CEFD20}.Release|Any CPU.Build.0 = Release|Any CPU
		{0D9AAE0A-C83E-4300-AEA6-B747731EDC05}.Debug|Any CPU.ActiveCfg = Debug|Any CPU
		{0D9AAE0A-C83E-4300-AEA6-B747731EDC05}.Debug|Any CPU.Build.0 = Debug|Any CPU
		{0D9AAE0A-C83E-4300-AEA6-B747731EDC05}.Release|Any CPU.ActiveCfg = Release|Any CPU
		{0D9AAE0A-C83E-4300-AEA6-B747731EDC05}.Release|Any CPU.Build.0 = Release|Any CPU
		{D4151CC7-F510-4D28-8C2C-92062EDD1AC6}.Debug|Any CPU.ActiveCfg = Debug|Any CPU
		{D4151CC7-F510-4D28-8C2C-92062EDD1AC6}.Debug|Any CPU.Build.0 = Debug|Any CPU
		{D4151CC7-F510-4D28-8C2C-92062EDD1AC6}.Release|Any CPU.ActiveCfg = Release|Any CPU
		{D4151CC7-F510-4D28-8C2C-92062EDD1AC6}.Release|Any CPU.Build.0 = Release|Any CPU
	EndGlobalSection
	GlobalSection(SolutionProperties) = preSolution
		HideSolutionNode = FALSE
	EndGlobalSection
	GlobalSection(NestedProjects) = preSolution
		{7F04CCA0-E8E0-48B6-AB16-1048C4CD3669} = {F35B2DEE-3EC8-4BAA-BE43-287A7437E04C}
		{5E28FAAC-AB23-4C27-984B-0563EE1F79F4} = {F35B2DEE-3EC8-4BAA-BE43-287A7437E04C}
		{1CF4C335-3013-4E59-9881-F136AD5C1851} = {5E28FAAC-AB23-4C27-984B-0563EE1F79F4}
		{2B49C5B3-472D-437E-B15B-66A60F12D00F} = {5E28FAAC-AB23-4C27-984B-0563EE1F79F4}
		{094B3E81-3C25-48E9-A744-CECB97CEFD20} = {7F04CCA0-E8E0-48B6-AB16-1048C4CD3669}
		{0D9AAE0A-C83E-4300-AEA6-B747731EDC05} = {F35B2DEE-3EC8-4BAA-BE43-287A7437E04C}
		{D4151CC7-F510-4D28-8C2C-92062EDD1AC6} = {F35B2DEE-3EC8-4BAA-BE43-287A7437E04C}
	EndGlobalSection
	GlobalSection(ExtensibilityGlobals) = postSolution
		SolutionGuid = {DC877EC1-811D-44FC-AEAD-CAD69EDB95F8}
	EndGlobalSection
EndGlobal
