
Microsoft Visual Studio Solution File, Format Version 12.00
# Visual Studio Version 17
VisualStudioVersion = 17.11.35327.3
MinimumVisualStudioVersion = 10.0.40219.1
Project("{9A19103F-16F7-4668-BE54-9A1E7A4F7556}") = "RomDownloader", "RG35XX.RomDownloader\RomDownloader.csproj", "{5693222D-74E4-4DA5-BAC0-E8EC240675C6}"
EndProject
Project("{2150E333-8FDC-42A3-9474-1A3956D46DE8}") = "Libraries", "Libraries", "{F35B2DEE-3EC8-4BAA-BE43-287A7437E04C}"
EndProject
Project("{9A19103F-16F7-4668-BE54-9A1E7A4F7556}") = "RG35XX.Core", "D:\Git\RG35XX.NET\RG35XX.Core\RG35XX.Core.csproj", "{0D9AAE0A-C83E-4300-AEA6-B747731EDC05}"
EndProject
Project("{9A19103F-16F7-4668-BE54-9A1E7A4F7556}") = "RG35XX.Libraries", "D:\Git\RG35XX.NET\RG35XX.Libraries\RG35XX.Libraries.csproj", "{D4151CC7-F510-4D28-8C2C-92062EDD1AC6}"
EndProject
Project("{9A19103F-16F7-4668-BE54-9A1E7A4F7556}") = "RG35XX.Desktop", "..\RG35XX.NET\RG35XX.Desktop\RG35XX.Desktop.csproj", "{207F7475-75FF-44D3-A4E2-17EA6D7B447B}"
EndProject
Project("{9A19103F-16F7-4668-BE54-9A1E7A4F7556}") = "RG35XX.Handheld", "..\RG35XX.NET\RG35XX.Handheld\RG35XX.Handheld.csproj", "{16FA864D-9821-4737-B771-8A65A6EBAFB6}"
EndProject
Global
	GlobalSection(SolutionConfigurationPlatforms) = preSolution
		Debug|Any CPU = Debug|Any CPU
		Release|Any CPU = Release|Any CPU
	EndGlobalSection
	GlobalSection(ProjectConfigurationPlatforms) = postSolution
		{5693222D-74E4-4DA5-BAC0-E8EC240675C6}.Debug|Any CPU.ActiveCfg = Debug|Any CPU
		{5693222D-74E4-4DA5-BAC0-E8EC240675C6}.Debug|Any CPU.Build.0 = Debug|Any CPU
		{5693222D-74E4-4DA5-BAC0-E8EC240675C6}.Release|Any CPU.ActiveCfg = Release|Any CPU
		{5693222D-74E4-4DA5-BAC0-E8EC240675C6}.Release|Any CPU.Build.0 = Release|Any CPU
		{0D9AAE0A-C83E-4300-AEA6-B747731EDC05}.Debug|Any CPU.ActiveCfg = Debug|Any CPU
		{0D9AAE0A-C83E-4300-AEA6-B747731EDC05}.Debug|Any CPU.Build.0 = Debug|Any CPU
		{0D9AAE0A-C83E-4300-AEA6-B747731EDC05}.Release|Any CPU.ActiveCfg = Release|Any CPU
		{0D9AAE0A-C83E-4300-AEA6-B747731EDC05}.Release|Any CPU.Build.0 = Release|Any CPU
		{D4151CC7-F510-4D28-8C2C-92062EDD1AC6}.Debug|Any CPU.ActiveCfg = Debug|Any CPU
		{D4151CC7-F510-4D28-8C2C-92062EDD1AC6}.Debug|Any CPU.Build.0 = Debug|Any CPU
		{D4151CC7-F510-4D28-8C2C-92062EDD1AC6}.Release|Any CPU.ActiveCfg = Release|Any CPU
		{D4151CC7-F510-4D28-8C2C-92062EDD1AC6}.Release|Any CPU.Build.0 = Release|Any CPU
		{207F7475-75FF-44D3-A4E2-17EA6D7B447B}.Debug|Any CPU.ActiveCfg = Debug|Any CPU
		{207F7475-75FF-44D3-A4E2-17EA6D7B447B}.Debug|Any CPU.Build.0 = Debug|Any CPU
		{207F7475-75FF-44D3-A4E2-17EA6D7B447B}.Release|Any CPU.ActiveCfg = Release|Any CPU
		{207F7475-75FF-44D3-A4E2-17EA6D7B447B}.Release|Any CPU.Build.0 = Release|Any CPU
		{16FA864D-9821-4737-B771-8A65A6EBAFB6}.Debug|Any CPU.ActiveCfg = Debug|Any CPU
		{16FA864D-9821-4737-B771-8A65A6EBAFB6}.Debug|Any CPU.Build.0 = Debug|Any CPU
		{16FA864D-9821-4737-B771-8A65A6EBAFB6}.Release|Any CPU.ActiveCfg = Release|Any CPU
		{16FA864D-9821-4737-B771-8A65A6EBAFB6}.Release|Any CPU.Build.0 = Release|Any CPU
	EndGlobalSection
	GlobalSection(SolutionProperties) = preSolution
		HideSolutionNode = FALSE
	EndGlobalSection
	GlobalSection(NestedProjects) = preSolution
		{0D9AAE0A-C83E-4300-AEA6-B747731EDC05} = {F35B2DEE-3EC8-4BAA-BE43-287A7437E04C}
		{D4151CC7-F510-4D28-8C2C-92062EDD1AC6} = {F35B2DEE-3EC8-4BAA-BE43-287A7437E04C}
		{207F7475-75FF-44D3-A4E2-17EA6D7B447B} = {F35B2DEE-3EC8-4BAA-BE43-287A7437E04C}
		{16FA864D-9821-4737-B771-8A65A6EBAFB6} = {F35B2DEE-3EC8-4BAA-BE43-287A7437E04C}
	EndGlobalSection
	GlobalSection(ExtensibilityGlobals) = postSolution
		SolutionGuid = {DC877EC1-811D-44FC-AEAD-CAD69EDB95F8}
	EndGlobalSection
EndGlobal
